
Microsoft Visual Studio Solution File, Format Version 12.00
# Visual Studio Version 16
VisualStudioVersion = 16.0.29209.62
MinimumVisualStudioVersion = 10.0.40219.1
Project("{FAE04EC0-301F-11D3-BF4B-00C04F79EFBC}") = "Program1", "Program1\Program1.csproj", "{5BA6071F-2FEF-456F-803B-C4268CC4386C}"
EndProject
Global
	GlobalSection(SolutionConfigurationPlatforms) = preSolution
		Debug|Any CPU = Debug|Any CPU
		Release|Any CPU = Release|Any CPU
	EndGlobalSection
	GlobalSection(ProjectConfigurationPlatforms) = postSolution
		{5BA6071F-2FEF-456F-803B-C4268CC4386C}.Debug|Any CPU.ActiveCfg = Debug|Any CPU
		{5BA6071F-2FEF-456F-803B-C4268CC4386C}.Debug|Any CPU.Build.0 = Debug|Any CPU
		{5BA6071F-2FEF-456F-803B-C4268CC4386C}.Release|Any CPU.ActiveCfg = Release|Any CPU
		{5BA6071F-2FEF-456F-803B-C4268CC4386C}.Release|Any CPU.Build.0 = Release|Any CPU
	EndGlobalSection
	GlobalSection(SolutionProperties) = preSolution
		HideSolutionNode = FALSE
	EndGlobalSection
	GlobalSection(ExtensibilityGlobals) = postSolution
		SolutionGuid = {0166C174-54EA-4939-8131-496F31BACFEE}
	EndGlobalSection
EndGlobal
